github.com/jacopodonati/hugo-theme-chimero v0.0.0-20240130173124-d3cfbfc40ccc h1:De0HuSMhN87fiiyYJohvOQnGyWkIlsaIYXAstTbWEDU=
github.com/jacopodonati/hugo-theme-chimero v0.0.0-20240130173124-d3cfbfc40ccc/go.mod h1:Po65kwH90sGmfcS6AFH0XjCrmwME4ucFJ/R7g8D9Grk=
github.com/jacopodonati/hugo-theme-chimero v0.0.0-20240203194428-b8513b9cc4c1 h1:Cbl37nIHaVaKtUdYtRINpzmCTSQRkjqm1Z1GxRszsKc=
github.com/jacopodonati/hugo-theme-chimero v0.0.0-20240203194428-b8513b9cc4c1/go.mod h1:Po65kwH90sGmfcS6AFH0XjCrmwME4ucFJ/R7g8D9Grk=
github.com/jacopodonati/hugo-theme-chimero v0.0.0-20240205154423-f6b68f51b81f h1:q0ii9ySAoNxAIB3pFeckTTHPET3bzbW0+3nHtO+8qAQ=
github.com/jacopodonati/hugo-theme-chimero v0.0.0-20240205154423-f6b68f51b81f/go.mod h1:Po65kwH90sGmfcS6AFH0XjCrmwME4ucFJ/R7g8D9Grk=
github.com/jacopodonati/hugo-theme-chimero v0.0.0-20240212090350-a8733622458d h1:hjFooBICH5qz7/nkVPMUSmYHsUS8dORtN+Yg3YGYSH0=
github.com/jacopodonati/hugo-theme-chimero v0.0.0-20240212090350-a8733622458d/go.mod h1:Po65kwH90sGmfcS6AFH0XjCrmwME4ucFJ/R7g8D9Grk=
github.com/jacopodonati/hugo-theme-chimero v0.0.0-20240215195402-de4f7fb7352a h1:MXV+pMZrzE6HOXpcRWOCEKbmPvws4sJcVMm/M3EFAeM=
github.com/jacopodonati/hugo-theme-chimero v0.0.0-20240215195402-de4f7fb7352a/go.mod h1:Po65kwH90sGmfcS6AFH0XjCrmwME4ucFJ/R7g8D9Grk=
github.com/jacopodonati/hugo-theme-chimero v0.0.0-20240215201138-e7ff36612639 h1:JfDMb3Og9fd6RPc02W06vwrv187bvb5xiXmBLSlrwj8=
github.com/jacopodonati/hugo-theme-chimero v0.0.0-20240215201138-e7ff36612639/go.mod h1:Po65kwH90sGmfcS6AFH0XjCrmwME4ucFJ/R7g8D9Grk=
