github.com/jacopodonati/hugo-theme-chimero v0.0.0-20240130173124-d3cfbfc40ccc h1:De0HuSMhN87fiiyYJohvOQnGyWkIlsaIYXAstTbWEDU=
github.com/jacopodonati/hugo-theme-chimero v0.0.0-20240130173124-d3cfbfc40ccc/go.mod h1:Po65kwH90sGmfcS6AFH0XjCrmwME4ucFJ/R7g8D9Grk=
github.com/jacopodonati/hugo-theme-chimero v0.0.0-20240203194428-b8513b9cc4c1 h1:Cbl37nIHaVaKtUdYtRINpzmCTSQRkjqm1Z1GxRszsKc=
github.com/jacopodonati/hugo-theme-chimero v0.0.0-20240203194428-b8513b9cc4c1/go.mod h1:Po65kwH90sGmfcS6AFH0XjCrmwME4ucFJ/R7g8D9Grk=
github.com/jacopodonati/hugo-theme-chimero v0.0.0-20240205154423-f6b68f51b81f h1:q0ii9ySAoNxAIB3pFeckTTHPET3bzbW0+3nHtO+8qAQ=
github.com/jacopodonati/hugo-theme-chimero v0.0.0-20240205154423-f6b68f51b81f/go.mod h1:Po65kwH90sGmfcS6AFH0XjCrmwME4ucFJ/R7g8D9Grk=
github.com/jacopodonati/hugo-theme-chimero v0.0.0-20240212090350-a8733622458d h1:hjFooBICH5qz7/nkVPMUSmYHsUS8dORtN+Yg3YGYSH0=
github.com/jacopodonati/hugo-theme-chimero v0.0.0-20240212090350-a8733622458d/go.mod h1:Po65kwH90sGmfcS6AFH0XjCrmwME4ucFJ/R7g8D9Grk=
github.com/jacopodonati/hugo-theme-chimero v0.0.0-20240215195402-de4f7fb7352a h1:MXV+pMZrzE6HOXpcRWOCEKbmPvws4sJcVMm/M3EFAeM=
github.com/jacopodonati/hugo-theme-chimero v0.0.0-20240215195402-de4f7fb7352a/go.mod h1:Po65kwH90sGmfcS6AFH0XjCrmwME4ucFJ/R7g8D9Grk=
github.com/jacopodonati/hugo-theme-chimero v0.0.0-20240215201138-e7ff36612639 h1:JfDMb3Og9fd6RPc02W06vwrv187bvb5xiXmBLSlrwj8=
github.com/jacopodonati/hugo-theme-chimero v0.0.0-20240215201138-e7ff36612639/go.mod h1:Po65kwH90sGmfcS6AFH0XjCrmwME4ucFJ/R7g8D9Grk=
github.com/jacopodonati/hugo-theme-chimero v0.0.0-20240218143423-28bed9c68371 h1:acaJrEctjTU1J+JZOUxDTChh7E+7Ik6PKUp9hP5pbOA=
github.com/jacopodonati/hugo-theme-chimero v0.0.0-20240218143423-28bed9c68371/go.mod h1:Po65kwH90sGmfcS6AFH0XjCrmwME4ucFJ/R7g8D9Grk=
github.com/jacopodonati/hugo-theme-chimero v0.0.0-20240218171508-2fe7f1406799 h1:Kjxx7IfkKea+fvB9QeAoRSz97uiou7IkM3yFSGLsudA=
github.com/jacopodonati/hugo-theme-chimero v0.0.0-20240218171508-2fe7f1406799/go.mod h1:Po65kwH90sGmfcS6AFH0XjCrmwME4ucFJ/R7g8D9Grk=
github.com/jacopodonati/hugo-theme-chimero v0.0.0-20240218174329-2ceeb9abe6fb h1:XQ4ST/ajbu46HcwS9vko6mNLl0RWzyF7cmt7jGVnpaA=
github.com/jacopodonati/hugo-theme-chimero v0.0.0-20240218174329-2ceeb9abe6fb/go.mod h1:Po65kwH90sGmfcS6AFH0XjCrmwME4ucFJ/R7g8D9Grk=
github.com/jacopodonati/hugo-theme-chimero v0.0.0-20240218175255-a258a6f63c54 h1:6a76Vrncfp1TKS6fm8CNAvMt8L00mxgbvh2CcDrdA6Q=
github.com/jacopodonati/hugo-theme-chimero v0.0.0-20240218175255-a258a6f63c54/go.mod h1:Po65kwH90sGmfcS6AFH0XjCrmwME4ucFJ/R7g8D9Grk=
github.com/jacopodonati/hugo-theme-chimero v0.0.0-20240219084056-6ae76d69d796 h1:lnUDhPpl9skfJ0kiM6LNQHTzefBLCWxbfMdNDw63dhA=
github.com/jacopodonati/hugo-theme-chimero v0.0.0-20240219084056-6ae76d69d796/go.mod h1:Po65kwH90sGmfcS6AFH0XjCrmwME4ucFJ/R7g8D9Grk=
github.com/jacopodonati/hugo-theme-chimero v0.0.0-20240222075919-1c47d56bc50c h1:d7UZHGIUv5b7SBxpkLRiJBfBSYKtGPXy3qvPvOKjH9M=
github.com/jacopodonati/hugo-theme-chimero v0.0.0-20240222075919-1c47d56bc50c/go.mod h1:Po65kwH90sGmfcS6AFH0XjCrmwME4ucFJ/R7g8D9Grk=
github.com/jacopodonati/hugo-theme-chimero v0.0.0-20240225155333-1c7a9b4dd310 h1:jG3Q3Qvo4TmXL66oGctXlUf2fbLPB1evBDuLxaWqfHg=
github.com/jacopodonati/hugo-theme-chimero v0.0.0-20240225155333-1c7a9b4dd310/go.mod h1:Po65kwH90sGmfcS6AFH0XjCrmwME4ucFJ/R7g8D9Grk=
